
Microsoft Visual Studio Solution File, Format Version 12.00
# Visual Studio Version 17
VisualStudioVersion = 17.3.32825.248
MinimumVisualStudioVersion = 10.0.40219.1
Project("{FAE04EC0-301F-11D3-BF4B-00C04F79EFBC}") = "less-1", "less-1\less-1.csproj", "{1DD4C50D-716A-4FBE-A051-84922894E460}"
EndProject
Global
	GlobalSection(SolutionConfigurationPlatforms) = preSolution
		Debug|Any CPU = Debug|Any CPU
		Release|Any CPU = Release|Any CPU
	EndGlobalSection
	GlobalSection(ProjectConfigurationPlatforms) = postSolution
		{1DD4C50D-716A-4FBE-A051-84922894E460}.Debug|Any CPU.ActiveCfg = Debug|Any CPU
		{1DD4C50D-716A-4FBE-A051-84922894E460}.Debug|Any CPU.Build.0 = Debug|Any CPU
		{1DD4C50D-716A-4FBE-A051-84922894E460}.Release|Any CPU.ActiveCfg = Release|Any CPU
		{1DD4C50D-716A-4FBE-A051-84922894E460}.Release|Any CPU.Build.0 = Release|Any CPU
	EndGlobalSection
	GlobalSection(SolutionProperties) = preSolution
		HideSolutionNode = FALSE
	EndGlobalSection
	GlobalSection(ExtensibilityGlobals) = postSolution
		SolutionGuid = {DAF5007F-4CD7-418A-B952-3AF12A6BDB37}
	EndGlobalSection
EndGlobal
